// !$*UTF8*$!
{
	archiveVersion = 1;
	classes = {
	};
	objectVersion = 46;
	objects = {

/* Begin PBXBuildFile section */
		626B7F841CD66E81006374A7 /* AppDelegate.swift in Sources */ = {isa = PBXBuildFile; fileRef = 626B7F831CD66E81006374A7 /* AppDelegate.swift */; };
		626B7F861CD66E81006374A7 /* ViewController.swift in Sources */ = {isa = PBXBuildFile; fileRef = 626B7F851CD66E81006374A7 /* ViewController.swift */; };
		626B7F891CD66E81006374A7 /* Main.storyboard in Resources */ = {isa = PBXBuildFile; fileRef = 626B7F871CD66E81006374A7 /* Main.storyboard */; };
		626B7F8B1CD66E81006374A7 /* Assets.xcassets in Resources */ = {isa = PBXBuildFile; fileRef = 626B7F8A1CD66E81006374A7 /* Assets.xcassets */; };
		626B7F8E1CD66E81006374A7 /* LaunchScreen.storyboard in Resources */ = {isa = PBXBuildFile; fileRef = 626B7F8C1CD66E81006374A7 /* LaunchScreen.storyboard */; };
/* End PBXBuildFile section */

/* Begin PBXFileReference section */
		626B7F801CD66E81006374A7 /* AppLifeCycle.app */ = {isa = PBXFileReference; explicitFileType = wrapper.application; includeInIndex = 0; path = AppLifeCycle.app; sourceTree = BUILT_PRODUCTS_DIR; };
		626B7F831CD66E81006374A7 /* AppDelegate.swift */ = {isa = PBXFileReference; lastKnownFileType = sourcecode.swift; path = AppDelegate.swift; sourceTree = "<group>"; };
		626B7F851CD66E81006374A7 /* ViewController.swift */ = {isa = PBXFileReference; lastKnownFileType = sourcecode.swift; path = ViewController.swift; sourceTree = "<group>"; };
		626B7F881CD66E81006374A7 /* Base */ = {isa = PBXFileReference; lastKnownFileType = file.storyboard; name = Base; path = Base.lproj/Main.storyboard; sourceTree = "<group>"; };
		626B7F8A1CD66E81006374A7 /* Assets.xcassets */ = {isa = PBXFileReference; lastKnownFileType = folder.assetcatalog; path = Assets.xcassets; sourceTree = "<group>"; };
		626B7F8D1CD66E81006374A7 /* Base */ = {isa = PBXFileReference; lastKnownFileType = file.storyboard; name = Base; path = Base.lproj/LaunchScreen.storyboard; sourceTree = "<group>"; };
		626B7F8F1CD66E81006374A7 /* Info.plist */ = {isa = PBXFileReference; lastKnownFileType = text.plist.xml; path = Info.plist; sourceTree = "<group>"; };
/* End PBXFileReference section */

/* Begin PBXFrameworksBuildPhase section */
		626B7F7D1CD66E81006374A7 /* Frameworks */ = {
			isa = PBXFrameworksBuildPhase;
			buildActionMask = 2147483647;
			files = (
			);
			runOnlyForDeploymentPostprocessing = 0;
		};
/* End PBXFrameworksBuildPhase section */

/* Begin PBXGroup section */
		626B7F771CD66E81006374A7 = {
			isa = PBXGroup;
			children = (
				626B7F821CD66E81006374A7 /* AppLifeCycle */,
				626B7F811CD66E81006374A7 /* Products */,
			);
			sourceTree = "<group>";
		};
		626B7F811CD66E81006374A7 /* Products */ = {
			isa = PBXGroup;
			children = (
				626B7F801CD66E81006374A7 /* AppLifeCycle.app */,
			);
			name = Products;
			sourceTree = "<group>";
		};
		626B7F821CD66E81006374A7 /* AppLifeCycle */ = {
			isa = PBXGroup;
			children = (
				626B7F831CD66E81006374A7 /* AppDelegate.swift */,
				626B7F851CD66E81006374A7 /* ViewController.swift */,
				626B7F871CD66E81006374A7 /* Main.storyboard */,
				626B7F8A1CD66E81006374A7 /* Assets.xcassets */,
				626B7F8C1CD66E81006374A7 /* LaunchScreen.storyboard */,
				626B7F8F1CD66E81006374A7 /* Info.plist */,
			);
			path = AppLifeCycle;
			sourceTree = "<group>";
		};
/* End PBXGroup section */

/* Begin PBXNativeTarget section */
		626B7F7F1CD66E81006374A7 /* AppLifeCycle */ = {
			isa = PBXNativeTarget;
			buildConfigurationList = 626B7F921CD66E81006374A7 /* Build configuration list for PBXNativeTarget "AppLifeCycle" */;
			buildPhases = (
				626B7F7C1CD66E81006374A7 /* Sources */,
				626B7F7D1CD66E81006374A7 /* Frameworks */,
				626B7F7E1CD66E81006374A7 /* Resources */,
			);
			buildRules = (
			);
			dependencies = (
			);
			name = AppLifeCycle;
			productName = AppLifeCycle;
			productReference = 626B7F801CD66E81006374A7 /* AppLifeCycle.app */;
			productType = "com.apple.product-type.application";
		};
/* End PBXNativeTarget section */

/* Begin PBXProject section */
		626B7F781CD66E81006374A7 /* Project object */ = {
			isa = PBXProject;
			attributes = {
				LastSwiftUpdateCheck = 0730;
				LastUpgradeCheck = 0730;
				ORGANIZATIONNAME = MajdEddin;
				TargetAttributes = {
					626B7F7F1CD66E81006374A7 = {
						CreatedOnToolsVersion = 7.3;
						DevelopmentTeam = S8234T298W;
					};
				};
			};
			buildConfigurationList = 626B7F7B1CD66E81006374A7 /* Build configuration list for PBXProject "AppLifeCycle" */;
			compatibilityVersion = "Xcode 3.2";
			developmentRegion = English;
			hasScannedForEncodings = 0;
			knownRegions = (
				en,
				Base,
			);
			mainGroup = 626B7F771CD66E81006374A7;
			productRefGroup = 626B7F811CD66E81006374A7 /* Products */;
			projectDirPath = "";
			projectRoot = "";
			targets = (
				626B7F7F1CD66E81006374A7 /* AppLifeCycle */,
			);
		};
/* End PBXProject section */

/* Begin PBXResourcesBuildPhase section */
		626B7F7E1CD66E81006374A7 /* Resources */ = {
			isa = PBXResourcesBuildPhase;
			buildActionMask = 2147483647;
			files = (
				626B7F8E1CD66E81006374A7 /* LaunchScreen.storyboard in Resources */,
				626B7F8B1CD66E81006374A7 /* Assets.xcassets in Resources */,
				626B7F891CD66E81006374A7 /* Main.storyboard in Resources */,
			);
			runOnlyForDeploymentPostprocessing = 0;
		};
/* End PBXResourcesBuildPhase section */

/* Begin PBXSourcesBuildPhase section */
		626B7F7C1CD66E81006374A7 /* Sources */ = {
			isa = PBXSourcesBuildPhase;
			buildActionMask = 2147483647;
			files = (
				626B7F861CD66E81006374A7 /* ViewController.swift in Sources */,
				626B7F841CD66E81006374A7 /* AppDelegate.swift in Sources */,
			);
			runOnlyForDeploymentPostprocessing = 0;
		};
/* End PBXSourcesBuildPhase section */

/* Begin PBXVariantGroup section */
		626B7F871CD66E81006374A7 /* Main.storyboard */ = {
			isa = PBXVariantGroup;
			children = (
				626B7F881CD66E81006374A7 /* Base */,
			);
			name = Main.storyboard;
			sourceTree = "<group>";
		};
		626B7F8C1CD66E81006374A7 /* LaunchScreen.storyboard */ = {
			isa = PBXVariantGroup;
			children = (
				626B7F8D1CD66E81006374A7 /* Base */,
			);
			name = LaunchScreen.storyboard;
			sourceTree = "<group>";
		};
/* End PBXVariantGroup section */

/* Begin XCBuildConfiguration section */
		626B7F901CD66E81006374A7 /* Debug */ = {
			isa = XCBuildConfiguration;
			buildSettings = {
				ALWAYS_SEARCH_USER_PATHS = NO;
				CLANG_ANALYZER_NONNULL = YES;
				CLANG_CXX_LANGUAGE_STANDARD = "gnu++0x";
				CLANG_CXX_LIBRARY = "libc++";
				CLANG_ENABLE_MODULES = YES;
				CLANG_ENABLE_OBJC_ARC = YES;
				CLANG_WARN_BOOL_CONVERSION = YES;
				CLANG_WARN_CONSTANT_CONVERSION = YES;
				CLANG_WARN_DIRECT_OBJC_ISA_USAGE = YES_ERROR;
				CLANG_WARN_EMPTY_BODY = YES;
				CLANG_WARN_ENUM_CONVERSION = YES;
				CLANG_WARN_INT_CONVERSION = YES;
				CLANG_WARN_OBJC_ROOT_CLASS = YES_ERROR;
				CLANG_WARN_UNREACHABLE_CODE = YES;
				CLANG_WARN__DUPLICATE_METHOD_MATCH = YES;
				"CODE_SIGN_IDENTITY[sdk=iphoneos*]" = "iPhone Developer";
				COPY_PHASE_STRIP = NO;
				DEBUG_INFORMATION_FORMAT = dwarf;
				ENABLE_STRICT_OBJC_MSGSEND = YES;
				ENABLE_TESTABILITY = YES;
				GCC_C_LANGUAGE_STANDARD = gnu99;
				GCC_DYNAMIC_NO_PIC = NO;
				GCC_NO_COMMON_BLOCKS = YES;
				GCC_OPTIMIZATION_LEVEL = 0;
				GCC_PREPROCESSOR_DEFINITIONS = (
					"DEBUG=1",
					"$(inherited)",
				);
				GCC_WARN_64_TO_32_BIT_CONVERSION = YES;
				GCC_WARN_ABOUT_RETURN_TYPE = YES_ERROR;
				GCC_WARN_UNDECLARED_SELECTOR = YES;
				GCC_WARN_UNINITIALIZED_AUTOS = YES_AGGRESSIVE;
				GCC_WARN_UNUSED_FUNCTION = YES;
				GCC_WARN_UNUSED_VARIABLE = YES;
				IPHONEOS_DEPLOYMENT_TARGET = 9.3;
				MTL_ENABLE_DEBUG_INFO = YES;
				ONLY_ACTIVE_ARCH = YES;
				SDKROOT = iphoneos;
				SWIFT_OPTIMIZATION_LEVEL = "-Onone";
				TARGETED_DEVICE_FAMILY = "1,2";
			};
			name = Debug;
		};
		626B7F911CD66E81006374A7 /* Release */ = {
			isa = XCBuildConfiguration;
			buildSettings = {
				ALWAYS_SEARCH_USER_PATHS = NO;
				CLANG_ANALYZER_NONNULL = YES;
				CLANG_CXX_LANGUAGE_STANDARD = "gnu++0x";
				CLANG_CXX_LIBRARY = "libc++";
				CLANG_ENABLE_MODULES = YES;
				CLANG_ENABLE_OBJC_ARC = YES;
				CLANG_WARN_BOOL_CONVERSION = YES;
				CLANG_WARN_CONSTANT_CONVERSION = YES;
				CLANG_WARN_DIRECT_OBJC_ISA_USAGE = YES_ERROR;
				CLANG_WARN_EMPTY_BODY = YES;
				CLANG_WARN_ENUM_CONVERSION = YES;
				CLANG_WARN_INT_CONVERSION = YES;
				CLANG_WARN_OBJC_ROOT_CLASS = YES_ERROR;
				CLANG_WARN_UNREACHABLE_CODE = YES;
				CLANG_WARN__DUPLICATE_METHOD_MATCH = YES;
				"CODE_SIGN_IDENTITY[sdk=iphoneos*]" = "iPhone Developer";
				COPY_PHASE_STRIP = NO;
				DEBUG_INFORMATION_FORMAT = "dwarf-with-dsym";
				ENABLE_NS_ASSERTIONS = NO;
				ENABLE_STRICT_OBJC_MSGSEND = YES;
				GCC_C_LANGUAGE_STANDARD = gnu99;
				GCC_NO_COMMON_BLOCKS = YES;
				GCC_WARN_64_TO_32_BIT_CONVERSION = YES;
				GCC_WARN_ABOUT_RETURN_TYPE = YES_ERROR;
				GCC_WARN_UNDECLARED_SELECTOR = YES;
				GCC_WARN_UNINITIALIZED_AUTOS = YES_AGGRESSIVE;
				GCC_WARN_UNUSED_FUNCTION = YES;
				GCC_WARN_UNUSED_VARIABLE = YES;
				IPHONEOS_DEPLOYMENT_TARGET = 9.3;
				MTL_ENABLE_DEBUG_INFO = NO;
				SDKROOT = iphoneos;
				TARGETED_DEVICE_FAMILY = "1,2";
				VALIDATE_PRODUCT = YES;
			};
			name = Release;
		};
		626B7F931CD66E81006374A7 /* Debug */ = {
			isa = XCBuildConfiguration;
			buildSettings = {
				ASSETCATALOG_COMPILER_APPICON_NAME = AppIcon;
				INFOPLIST_FILE = AppLifeCycle/Info.plist;
				LD_RUNPATH_SEARCH_PATHS = "$(inherited) @executable_path/Frameworks";
				PRODUCT_BUNDLE_IDENTIFIER = majdeddin.AppLifeCycle;
				PRODUCT_NAME = "$(TARGET_NAME)";
			};
			name = Debug;
		};
		626B7F941CD66E81006374A7 /* Release */ = {
			isa = XCBuildConfiguration;
			buildSettings = {
				ASSETCATALOG_COMPILER_APPICON_NAME = AppIcon;
				INFOPLIST_FILE = AppLifeCycle/Info.plist;
				LD_RUNPATH_SEARCH_PATHS = "$(inherited) @executable_path/Frameworks";
				PRODUCT_BUNDLE_IDENTIFIER = majdeddin.AppLifeCycle;
				PRODUCT_NAME = "$(TARGET_NAME)";
			};
			name = Release;
		};
/* End XCBuildConfiguration section */

/* Begin XCConfigurationList section */
		626B7F7B1CD66E81006374A7 /* Build configuration list for PBXProject "AppLifeCycle" */ = {
			isa = XCConfigurationList;
			buildConfigurations = (
				626B7F901CD66E81006374A7 /* Debug */,
				626B7F911CD66E81006374A7 /* Release */,
			);
			defaultConfigurationIsVisible = 0;
			defaultConfigurationName = Release;
		};
		626B7F921CD66E81006374A7 /* Build configuration list for PBXNativeTarget "AppLifeCycle" */ = {
			isa = XCConfigurationList;
			buildConfigurations = (
				626B7F931CD66E81006374A7 /* Debug */,
				626B7F941CD66E81006374A7 /* Release */,
			);
			defaultConfigurationIsVisible = 0;
		};
/* End XCConfigurationList section */
	};
	rootObject = 626B7F781CD66E81006374A7 /* Project object */;
}
