// !$*UTF8*$!
{
	archiveVersion = 1;
	classes = {
	};
	objectVersion = 46;
	objects = {

/* Begin PBXBuildFile section */
		624C654C1CE255AF004BA340 /* AppDelegate.swift in Sources */ = {isa = PBXBuildFile; fileRef = 624C654B1CE255AF004BA340 /* AppDelegate.swift */; };
		624C654E1CE255AF004BA340 /* ViewController.swift in Sources */ = {isa = PBXBuildFile; fileRef = 624C654D1CE255AF004BA340 /* ViewController.swift */; };
		624C65511CE255AF004BA340 /* Main.storyboard in Resources */ = {isa = PBXBuildFile; fileRef = 624C654F1CE255AF004BA340 /* Main.storyboard */; };
		624C65531CE255AF004BA340 /* Assets.xcassets in Resources */ = {isa = PBXBuildFile; fileRef = 624C65521CE255AF004BA340 /* Assets.xcassets */; };
		624C65561CE255AF004BA340 /* LaunchScreen.storyboard in Resources */ = {isa = PBXBuildFile; fileRef = 624C65541CE255AF004BA340 /* LaunchScreen.storyboard */; };
		624C655E1CE2571F004BA340 /* facebookProfile.png in Resources */ = {isa = PBXBuildFile; fileRef = 624C655D1CE2571F004BA340 /* facebookProfile.png */; };
/* End PBXBuildFile section */

/* Begin PBXFileReference section */
		624C65481CE255AF004BA340 /* UIStackDemo.app */ = {isa = PBXFileReference; explicitFileType = wrapper.application; includeInIndex = 0; path = UIStackDemo.app; sourceTree = BUILT_PRODUCTS_DIR; };
		624C654B1CE255AF004BA340 /* AppDelegate.swift */ = {isa = PBXFileReference; lastKnownFileType = sourcecode.swift; path = AppDelegate.swift; sourceTree = "<group>"; };
		624C654D1CE255AF004BA340 /* ViewController.swift */ = {isa = PBXFileReference; lastKnownFileType = sourcecode.swift; path = ViewController.swift; sourceTree = "<group>"; };
		624C65501CE255AF004BA340 /* Base */ = {isa = PBXFileReference; lastKnownFileType = file.storyboard; name = Base; path = Base.lproj/Main.storyboard; sourceTree = "<group>"; };
		624C65521CE255AF004BA340 /* Assets.xcassets */ = {isa = PBXFileReference; lastKnownFileType = folder.assetcatalog; path = Assets.xcassets; sourceTree = "<group>"; };
		624C65551CE255AF004BA340 /* Base */ = {isa = PBXFileReference; lastKnownFileType = file.storyboard; name = Base; path = Base.lproj/LaunchScreen.storyboard; sourceTree = "<group>"; };
		624C65571CE255AF004BA340 /* Info.plist */ = {isa = PBXFileReference; lastKnownFileType = text.plist.xml; path = Info.plist; sourceTree = "<group>"; };
		624C655D1CE2571F004BA340 /* facebookProfile.png */ = {isa = PBXFileReference; lastKnownFileType = image.png; path = facebookProfile.png; sourceTree = "<group>"; };
/* End PBXFileReference section */

/* Begin PBXFrameworksBuildPhase section */
		624C65451CE255AF004BA340 /* Frameworks */ = {
			isa = PBXFrameworksBuildPhase;
			buildActionMask = 2147483647;
			files = (
			);
			runOnlyForDeploymentPostprocessing = 0;
		};
/* End PBXFrameworksBuildPhase section */

/* Begin PBXGroup section */
		624C653F1CE255AF004BA340 = {
			isa = PBXGroup;
			children = (
				624C654A1CE255AF004BA340 /* UIStackDemo */,
				624C65491CE255AF004BA340 /* Products */,
			);
			sourceTree = "<group>";
		};
		624C65491CE255AF004BA340 /* Products */ = {
			isa = PBXGroup;
			children = (
				624C65481CE255AF004BA340 /* UIStackDemo.app */,
			);
			name = Products;
			sourceTree = "<group>";
		};
		624C654A1CE255AF004BA340 /* UIStackDemo */ = {
			isa = PBXGroup;
			children = (
				624C654B1CE255AF004BA340 /* AppDelegate.swift */,
				624C654D1CE255AF004BA340 /* ViewController.swift */,
				624C654F1CE255AF004BA340 /* Main.storyboard */,
				624C65521CE255AF004BA340 /* Assets.xcassets */,
				624C65541CE255AF004BA340 /* LaunchScreen.storyboard */,
				624C65571CE255AF004BA340 /* Info.plist */,
				624C655D1CE2571F004BA340 /* facebookProfile.png */,
			);
			path = UIStackDemo;
			sourceTree = "<group>";
		};
/* End PBXGroup section */

/* Begin PBXNativeTarget section */
		624C65471CE255AF004BA340 /* UIStackDemo */ = {
			isa = PBXNativeTarget;
			buildConfigurationList = 624C655A1CE255AF004BA340 /* Build configuration list for PBXNativeTarget "UIStackDemo" */;
			buildPhases = (
				624C65441CE255AF004BA340 /* Sources */,
				624C65451CE255AF004BA340 /* Frameworks */,
				624C65461CE255AF004BA340 /* Resources */,
			);
			buildRules = (
			);
			dependencies = (
			);
			name = UIStackDemo;
			productName = UIStackDemo;
			productReference = 624C65481CE255AF004BA340 /* UIStackDemo.app */;
			productType = "com.apple.product-type.application";
		};
/* End PBXNativeTarget section */

/* Begin PBXProject section */
		624C65401CE255AF004BA340 /* Project object */ = {
			isa = PBXProject;
			attributes = {
				LastSwiftUpdateCheck = 0730;
				LastUpgradeCheck = 0730;
				ORGANIZATIONNAME = MajdEddin;
				TargetAttributes = {
					624C65471CE255AF004BA340 = {
						CreatedOnToolsVersion = 7.3.1;
						DevelopmentTeam = S8234T298W;
					};
				};
			};
			buildConfigurationList = 624C65431CE255AF004BA340 /* Build configuration list for PBXProject "UIStackDemo" */;
			compatibilityVersion = "Xcode 3.2";
			developmentRegion = English;
			hasScannedForEncodings = 0;
			knownRegions = (
				en,
				Base,
			);
			mainGroup = 624C653F1CE255AF004BA340;
			productRefGroup = 624C65491CE255AF004BA340 /* Products */;
			projectDirPath = "";
			projectRoot = "";
			targets = (
				624C65471CE255AF004BA340 /* UIStackDemo */,
			);
		};
/* End PBXProject section */

/* Begin PBXResourcesBuildPhase section */
		624C65461CE255AF004BA340 /* Resources */ = {
			isa = PBXResourcesBuildPhase;
			buildActionMask = 2147483647;
			files = (
				624C65561CE255AF004BA340 /* LaunchScreen.storyboard in Resources */,
				624C655E1CE2571F004BA340 /* facebookProfile.png in Resources */,
				624C65531CE255AF004BA340 /* Assets.xcassets in Resources */,
				624C65511CE255AF004BA340 /* Main.storyboard in Resources */,
			);
			runOnlyForDeploymentPostprocessing = 0;
		};
/* End PBXResourcesBuildPhase section */

/* Begin PBXSourcesBuildPhase section */
		624C65441CE255AF004BA340 /* Sources */ = {
			isa = PBXSourcesBuildPhase;
			buildActionMask = 2147483647;
			files = (
				624C654E1CE255AF004BA340 /* ViewController.swift in Sources */,
				624C654C1CE255AF004BA340 /* AppDelegate.swift in Sources */,
			);
			runOnlyForDeploymentPostprocessing = 0;
		};
/* End PBXSourcesBuildPhase section */

/* Begin PBXVariantGroup section */
		624C654F1CE255AF004BA340 /* Main.storyboard */ = {
			isa = PBXVariantGroup;
			children = (
				624C65501CE255AF004BA340 /* Base */,
			);
			name = Main.storyboard;
			sourceTree = "<group>";
		};
		624C65541CE255AF004BA340 /* LaunchScreen.storyboard */ = {
			isa = PBXVariantGroup;
			children = (
				624C65551CE255AF004BA340 /* Base */,
			);
			name = LaunchScreen.storyboard;
			sourceTree = "<group>";
		};
/* End PBXVariantGroup section */

/* Begin XCBuildConfiguration section */
		624C65581CE255AF004BA340 /* Debug */ = {
			isa = XCBuildConfiguration;
			buildSettings = {
				ALWAYS_SEARCH_USER_PATHS = NO;
				CLANG_ANALYZER_NONNULL = YES;
				CLANG_CXX_LANGUAGE_STANDARD = "gnu++0x";
				CLANG_CXX_LIBRARY = "libc++";
				CLANG_ENABLE_MODULES = YES;
				CLANG_ENABLE_OBJC_ARC = YES;
				CLANG_WARN_BOOL_CONVERSION = YES;
				CLANG_WARN_CONSTANT_CONVERSION = YES;
				CLANG_WARN_DIRECT_OBJC_ISA_USAGE = YES_ERROR;
				CLANG_WARN_EMPTY_BODY = YES;
				CLANG_WARN_ENUM_CONVERSION = YES;
				CLANG_WARN_INT_CONVERSION = YES;
				CLANG_WARN_OBJC_ROOT_CLASS = YES_ERROR;
				CLANG_WARN_UNREACHABLE_CODE = YES;
				CLANG_WARN__DUPLICATE_METHOD_MATCH = YES;
				"CODE_SIGN_IDENTITY[sdk=iphoneos*]" = "iPhone Developer";
				COPY_PHASE_STRIP = NO;
				DEBUG_INFORMATION_FORMAT = dwarf;
				ENABLE_STRICT_OBJC_MSGSEND = YES;
				ENABLE_TESTABILITY = YES;
				GCC_C_LANGUAGE_STANDARD = gnu99;
				GCC_DYNAMIC_NO_PIC = NO;
				GCC_NO_COMMON_BLOCKS = YES;
				GCC_OPTIMIZATION_LEVEL = 0;
				GCC_PREPROCESSOR_DEFINITIONS = (
					"DEBUG=1",
					"$(inherited)",
				);
				GCC_WARN_64_TO_32_BIT_CONVERSION = YES;
				GCC_WARN_ABOUT_RETURN_TYPE = YES_ERROR;
				GCC_WARN_UNDECLARED_SELECTOR = YES;
				GCC_WARN_UNINITIALIZED_AUTOS = YES_AGGRESSIVE;
				GCC_WARN_UNUSED_FUNCTION = YES;
				GCC_WARN_UNUSED_VARIABLE = YES;
				IPHONEOS_DEPLOYMENT_TARGET = 9.3;
				MTL_ENABLE_DEBUG_INFO = YES;
				ONLY_ACTIVE_ARCH = YES;
				SDKROOT = iphoneos;
				SWIFT_OPTIMIZATION_LEVEL = "-Onone";
			};
			name = Debug;
		};
		624C65591CE255AF004BA340 /* Release */ = {
			isa = XCBuildConfiguration;
			buildSettings = {
				ALWAYS_SEARCH_USER_PATHS = NO;
				CLANG_ANALYZER_NONNULL = YES;
				CLANG_CXX_LANGUAGE_STANDARD = "gnu++0x";
				CLANG_CXX_LIBRARY = "libc++";
				CLANG_ENABLE_MODULES = YES;
				CLANG_ENABLE_OBJC_ARC = YES;
				CLANG_WARN_BOOL_CONVERSION = YES;
				CLANG_WARN_CONSTANT_CONVERSION = YES;
				CLANG_WARN_DIRECT_OBJC_ISA_USAGE = YES_ERROR;
				CLANG_WARN_EMPTY_BODY = YES;
				CLANG_WARN_ENUM_CONVERSION = YES;
				CLANG_WARN_INT_CONVERSION = YES;
				CLANG_WARN_OBJC_ROOT_CLASS = YES_ERROR;
				CLANG_WARN_UNREACHABLE_CODE = YES;
				CLANG_WARN__DUPLICATE_METHOD_MATCH = YES;
				"CODE_SIGN_IDENTITY[sdk=iphoneos*]" = "iPhone Developer";
				COPY_PHASE_STRIP = NO;
				DEBUG_INFORMATION_FORMAT = "dwarf-with-dsym";
				ENABLE_NS_ASSERTIONS = NO;
				ENABLE_STRICT_OBJC_MSGSEND = YES;
				GCC_C_LANGUAGE_STANDARD = gnu99;
				GCC_NO_COMMON_BLOCKS = YES;
				GCC_WARN_64_TO_32_BIT_CONVERSION = YES;
				GCC_WARN_ABOUT_RETURN_TYPE = YES_ERROR;
				GCC_WARN_UNDECLARED_SELECTOR = YES;
				GCC_WARN_UNINITIALIZED_AUTOS = YES_AGGRESSIVE;
				GCC_WARN_UNUSED_FUNCTION = YES;
				GCC_WARN_UNUSED_VARIABLE = YES;
				IPHONEOS_DEPLOYMENT_TARGET = 9.3;
				MTL_ENABLE_DEBUG_INFO = NO;
				SDKROOT = iphoneos;
				VALIDATE_PRODUCT = YES;
			};
			name = Release;
		};
		624C655B1CE255AF004BA340 /* Debug */ = {
			isa = XCBuildConfiguration;
			buildSettings = {
				ASSETCATALOG_COMPILER_APPICON_NAME = AppIcon;
				INFOPLIST_FILE = UIStackDemo/Info.plist;
				LD_RUNPATH_SEARCH_PATHS = "$(inherited) @executable_path/Frameworks";
				PRODUCT_BUNDLE_IDENTIFIER = majdeddin.UIStackDemo;
				PRODUCT_NAME = "$(TARGET_NAME)";
			};
			name = Debug;
		};
		624C655C1CE255AF004BA340 /* Release */ = {
			isa = XCBuildConfiguration;
			buildSettings = {
				ASSETCATALOG_COMPILER_APPICON_NAME = AppIcon;
				INFOPLIST_FILE = UIStackDemo/Info.plist;
				LD_RUNPATH_SEARCH_PATHS = "$(inherited) @executable_path/Frameworks";
				PRODUCT_BUNDLE_IDENTIFIER = majdeddin.UIStackDemo;
				PRODUCT_NAME = "$(TARGET_NAME)";
			};
			name = Release;
		};
/* End XCBuildConfiguration section */

/* Begin XCConfigurationList section */
		624C65431CE255AF004BA340 /* Build configuration list for PBXProject "UIStackDemo" */ = {
			isa = XCConfigurationList;
			buildConfigurations = (
				624C65581CE255AF004BA340 /* Debug */,
				624C65591CE255AF004BA340 /* Release */,
			);
			defaultConfigurationIsVisible = 0;
			defaultConfigurationName = Release;
		};
		624C655A1CE255AF004BA340 /* Build configuration list for PBXNativeTarget "UIStackDemo" */ = {
			isa = XCConfigurationList;
			buildConfigurations = (
				624C655B1CE255AF004BA340 /* Debug */,
				624C655C1CE255AF004BA340 /* Release */,
			);
			defaultConfigurationIsVisible = 0;
		};
/* End XCConfigurationList section */
	};
	rootObject = 624C65401CE255AF004BA340 /* Project object */;
}
