// !$*UTF8*$!
{
	archiveVersion = 1;
	classes = {
	};
	objectVersion = 46;
	objects = {

/* Begin PBXBuildFile section */
		62F417C21CCFD01C0061EC56 /* AppDelegate.swift in Sources */ = {isa = PBXBuildFile; fileRef = 62F417C11CCFD01C0061EC56 /* AppDelegate.swift */; };
		62F417C41CCFD01C0061EC56 /* ViewController.swift in Sources */ = {isa = PBXBuildFile; fileRef = 62F417C31CCFD01C0061EC56 /* ViewController.swift */; };
		62F417C71CCFD01C0061EC56 /* Main.storyboard in Resources */ = {isa = PBXBuildFile; fileRef = 62F417C51CCFD01C0061EC56 /* Main.storyboard */; };
		62F417C91CCFD01C0061EC56 /* Assets.xcassets in Resources */ = {isa = PBXBuildFile; fileRef = 62F417C81CCFD01C0061EC56 /* Assets.xcassets */; };
		62F417CC1CCFD01C0061EC56 /* LaunchScreen.storyboard in Resources */ = {isa = PBXBuildFile; fileRef = 62F417CA1CCFD01C0061EC56 /* LaunchScreen.storyboard */; };
/* End PBXBuildFile section */

/* Begin PBXFileReference section */
		62F417BE1CCFD01C0061EC56 /* CountTimeGame.app */ = {isa = PBXFileReference; explicitFileType = wrapper.application; includeInIndex = 0; path = CountTimeGame.app; sourceTree = BUILT_PRODUCTS_DIR; };
		62F417C11CCFD01C0061EC56 /* AppDelegate.swift */ = {isa = PBXFileReference; lastKnownFileType = sourcecode.swift; path = AppDelegate.swift; sourceTree = "<group>"; };
		62F417C31CCFD01C0061EC56 /* ViewController.swift */ = {isa = PBXFileReference; lastKnownFileType = sourcecode.swift; path = ViewController.swift; sourceTree = "<group>"; };
		62F417C61CCFD01C0061EC56 /* Base */ = {isa = PBXFileReference; lastKnownFileType = file.storyboard; name = Base; path = Base.lproj/Main.storyboard; sourceTree = "<group>"; };
		62F417C81CCFD01C0061EC56 /* Assets.xcassets */ = {isa = PBXFileReference; lastKnownFileType = folder.assetcatalog; path = Assets.xcassets; sourceTree = "<group>"; };
		62F417CB1CCFD01C0061EC56 /* Base */ = {isa = PBXFileReference; lastKnownFileType = file.storyboard; name = Base; path = Base.lproj/LaunchScreen.storyboard; sourceTree = "<group>"; };
		62F417CD1CCFD01C0061EC56 /* Info.plist */ = {isa = PBXFileReference; lastKnownFileType = text.plist.xml; path = Info.plist; sourceTree = "<group>"; };
/* End PBXFileReference section */

/* Begin PBXFrameworksBuildPhase section */
		62F417BB1CCFD01C0061EC56 /* Frameworks */ = {
			isa = PBXFrameworksBuildPhase;
			buildActionMask = 2147483647;
			files = (
			);
			runOnlyForDeploymentPostprocessing = 0;
		};
/* End PBXFrameworksBuildPhase section */

/* Begin PBXGroup section */
		62F417B51CCFD01C0061EC56 = {
			isa = PBXGroup;
			children = (
				62F417C01CCFD01C0061EC56 /* CountTimeGame */,
				62F417BF1CCFD01C0061EC56 /* Products */,
			);
			sourceTree = "<group>";
		};
		62F417BF1CCFD01C0061EC56 /* Products */ = {
			isa = PBXGroup;
			children = (
				62F417BE1CCFD01C0061EC56 /* CountTimeGame.app */,
			);
			name = Products;
			sourceTree = "<group>";
		};
		62F417C01CCFD01C0061EC56 /* CountTimeGame */ = {
			isa = PBXGroup;
			children = (
				62F417C11CCFD01C0061EC56 /* AppDelegate.swift */,
				62F417C31CCFD01C0061EC56 /* ViewController.swift */,
				62F417C51CCFD01C0061EC56 /* Main.storyboard */,
				62F417C81CCFD01C0061EC56 /* Assets.xcassets */,
				62F417CA1CCFD01C0061EC56 /* LaunchScreen.storyboard */,
				62F417CD1CCFD01C0061EC56 /* Info.plist */,
			);
			path = CountTimeGame;
			sourceTree = "<group>";
		};
/* End PBXGroup section */

/* Begin PBXNativeTarget section */
		62F417BD1CCFD01C0061EC56 /* CountTimeGame */ = {
			isa = PBXNativeTarget;
			buildConfigurationList = 62F417D01CCFD01C0061EC56 /* Build configuration list for PBXNativeTarget "CountTimeGame" */;
			buildPhases = (
				62F417BA1CCFD01C0061EC56 /* Sources */,
				62F417BB1CCFD01C0061EC56 /* Frameworks */,
				62F417BC1CCFD01C0061EC56 /* Resources */,
			);
			buildRules = (
			);
			dependencies = (
			);
			name = CountTimeGame;
			productName = CountTimeGame;
			productReference = 62F417BE1CCFD01C0061EC56 /* CountTimeGame.app */;
			productType = "com.apple.product-type.application";
		};
/* End PBXNativeTarget section */

/* Begin PBXProject section */
		62F417B61CCFD01C0061EC56 /* Project object */ = {
			isa = PBXProject;
			attributes = {
				LastSwiftUpdateCheck = 0730;
				LastUpgradeCheck = 0730;
				ORGANIZATIONNAME = MajdEddin;
				TargetAttributes = {
					62F417BD1CCFD01C0061EC56 = {
						CreatedOnToolsVersion = 7.3;
						DevelopmentTeam = S8234T298W;
					};
				};
			};
			buildConfigurationList = 62F417B91CCFD01C0061EC56 /* Build configuration list for PBXProject "CountTimeGame" */;
			compatibilityVersion = "Xcode 3.2";
			developmentRegion = English;
			hasScannedForEncodings = 0;
			knownRegions = (
				en,
				Base,
			);
			mainGroup = 62F417B51CCFD01C0061EC56;
			productRefGroup = 62F417BF1CCFD01C0061EC56 /* Products */;
			projectDirPath = "";
			projectRoot = "";
			targets = (
				62F417BD1CCFD01C0061EC56 /* CountTimeGame */,
			);
		};
/* End PBXProject section */

/* Begin PBXResourcesBuildPhase section */
		62F417BC1CCFD01C0061EC56 /* Resources */ = {
			isa = PBXResourcesBuildPhase;
			buildActionMask = 2147483647;
			files = (
				62F417CC1CCFD01C0061EC56 /* LaunchScreen.storyboard in Resources */,
				62F417C91CCFD01C0061EC56 /* Assets.xcassets in Resources */,
				62F417C71CCFD01C0061EC56 /* Main.storyboard in Resources */,
			);
			runOnlyForDeploymentPostprocessing = 0;
		};
/* End PBXResourcesBuildPhase section */

/* Begin PBXSourcesBuildPhase section */
		62F417BA1CCFD01C0061EC56 /* Sources */ = {
			isa = PBXSourcesBuildPhase;
			buildActionMask = 2147483647;
			files = (
				62F417C41CCFD01C0061EC56 /* ViewController.swift in Sources */,
				62F417C21CCFD01C0061EC56 /* AppDelegate.swift in Sources */,
			);
			runOnlyForDeploymentPostprocessing = 0;
		};
/* End PBXSourcesBuildPhase section */

/* Begin PBXVariantGroup section */
		62F417C51CCFD01C0061EC56 /* Main.storyboard */ = {
			isa = PBXVariantGroup;
			children = (
				62F417C61CCFD01C0061EC56 /* Base */,
			);
			name = Main.storyboard;
			sourceTree = "<group>";
		};
		62F417CA1CCFD01C0061EC56 /* LaunchScreen.storyboard */ = {
			isa = PBXVariantGroup;
			children = (
				62F417CB1CCFD01C0061EC56 /* Base */,
			);
			name = LaunchScreen.storyboard;
			sourceTree = "<group>";
		};
/* End PBXVariantGroup section */

/* Begin XCBuildConfiguration section */
		62F417CE1CCFD01C0061EC56 /* Debug */ = {
			isa = XCBuildConfiguration;
			buildSettings = {
				ALWAYS_SEARCH_USER_PATHS = NO;
				CLANG_ANALYZER_NONNULL = YES;
				CLANG_CXX_LANGUAGE_STANDARD = "gnu++0x";
				CLANG_CXX_LIBRARY = "libc++";
				CLANG_ENABLE_MODULES = YES;
				CLANG_ENABLE_OBJC_ARC = YES;
				CLANG_WARN_BOOL_CONVERSION = YES;
				CLANG_WARN_CONSTANT_CONVERSION = YES;
				CLANG_WARN_DIRECT_OBJC_ISA_USAGE = YES_ERROR;
				CLANG_WARN_EMPTY_BODY = YES;
				CLANG_WARN_ENUM_CONVERSION = YES;
				CLANG_WARN_INT_CONVERSION = YES;
				CLANG_WARN_OBJC_ROOT_CLASS = YES_ERROR;
				CLANG_WARN_UNREACHABLE_CODE = YES;
				CLANG_WARN__DUPLICATE_METHOD_MATCH = YES;
				"CODE_SIGN_IDENTITY[sdk=iphoneos*]" = "iPhone Developer";
				COPY_PHASE_STRIP = NO;
				DEBUG_INFORMATION_FORMAT = dwarf;
				ENABLE_STRICT_OBJC_MSGSEND = YES;
				ENABLE_TESTABILITY = YES;
				GCC_C_LANGUAGE_STANDARD = gnu99;
				GCC_DYNAMIC_NO_PIC = NO;
				GCC_NO_COMMON_BLOCKS = YES;
				GCC_OPTIMIZATION_LEVEL = 0;
				GCC_PREPROCESSOR_DEFINITIONS = (
					"DEBUG=1",
					"$(inherited)",
				);
				GCC_WARN_64_TO_32_BIT_CONVERSION = YES;
				GCC_WARN_ABOUT_RETURN_TYPE = YES_ERROR;
				GCC_WARN_UNDECLARED_SELECTOR = YES;
				GCC_WARN_UNINITIALIZED_AUTOS = YES_AGGRESSIVE;
				GCC_WARN_UNUSED_FUNCTION = YES;
				GCC_WARN_UNUSED_VARIABLE = YES;
				IPHONEOS_DEPLOYMENT_TARGET = 9.3;
				MTL_ENABLE_DEBUG_INFO = YES;
				ONLY_ACTIVE_ARCH = YES;
				SDKROOT = iphoneos;
				SWIFT_OPTIMIZATION_LEVEL = "-Onone";
				TARGETED_DEVICE_FAMILY = "1,2";
			};
			name = Debug;
		};
		62F417CF1CCFD01C0061EC56 /* Release */ = {
			isa = XCBuildConfiguration;
			buildSettings = {
				ALWAYS_SEARCH_USER_PATHS = NO;
				CLANG_ANALYZER_NONNULL = YES;
				CLANG_CXX_LANGUAGE_STANDARD = "gnu++0x";
				CLANG_CXX_LIBRARY = "libc++";
				CLANG_ENABLE_MODULES = YES;
				CLANG_ENABLE_OBJC_ARC = YES;
				CLANG_WARN_BOOL_CONVERSION = YES;
				CLANG_WARN_CONSTANT_CONVERSION = YES;
				CLANG_WARN_DIRECT_OBJC_ISA_USAGE = YES_ERROR;
				CLANG_WARN_EMPTY_BODY = YES;
				CLANG_WARN_ENUM_CONVERSION = YES;
				CLANG_WARN_INT_CONVERSION = YES;
				CLANG_WARN_OBJC_ROOT_CLASS = YES_ERROR;
				CLANG_WARN_UNREACHABLE_CODE = YES;
				CLANG_WARN__DUPLICATE_METHOD_MATCH = YES;
				"CODE_SIGN_IDENTITY[sdk=iphoneos*]" = "iPhone Developer";
				COPY_PHASE_STRIP = NO;
				DEBUG_INFORMATION_FORMAT = "dwarf-with-dsym";
				ENABLE_NS_ASSERTIONS = NO;
				ENABLE_STRICT_OBJC_MSGSEND = YES;
				GCC_C_LANGUAGE_STANDARD = gnu99;
				GCC_NO_COMMON_BLOCKS = YES;
				GCC_WARN_64_TO_32_BIT_CONVERSION = YES;
				GCC_WARN_ABOUT_RETURN_TYPE = YES_ERROR;
				GCC_WARN_UNDECLARED_SELECTOR = YES;
				GCC_WARN_UNINITIALIZED_AUTOS = YES_AGGRESSIVE;
				GCC_WARN_UNUSED_FUNCTION = YES;
				GCC_WARN_UNUSED_VARIABLE = YES;
				IPHONEOS_DEPLOYMENT_TARGET = 9.3;
				MTL_ENABLE_DEBUG_INFO = NO;
				SDKROOT = iphoneos;
				TARGETED_DEVICE_FAMILY = "1,2";
				VALIDATE_PRODUCT = YES;
			};
			name = Release;
		};
		62F417D11CCFD01C0061EC56 /* Debug */ = {
			isa = XCBuildConfiguration;
			buildSettings = {
				ASSETCATALOG_COMPILER_APPICON_NAME = AppIcon;
				INFOPLIST_FILE = CountTimeGame/Info.plist;
				LD_RUNPATH_SEARCH_PATHS = "$(inherited) @executable_path/Frameworks";
				PRODUCT_BUNDLE_IDENTIFIER = majdeddin.CountTimeGame;
				PRODUCT_NAME = "$(TARGET_NAME)";
			};
			name = Debug;
		};
		62F417D21CCFD01C0061EC56 /* Release */ = {
			isa = XCBuildConfiguration;
			buildSettings = {
				ASSETCATALOG_COMPILER_APPICON_NAME = AppIcon;
				INFOPLIST_FILE = CountTimeGame/Info.plist;
				LD_RUNPATH_SEARCH_PATHS = "$(inherited) @executable_path/Frameworks";
				PRODUCT_BUNDLE_IDENTIFIER = majdeddin.CountTimeGame;
				PRODUCT_NAME = "$(TARGET_NAME)";
			};
			name = Release;
		};
/* End XCBuildConfiguration section */

/* Begin XCConfigurationList section */
		62F417B91CCFD01C0061EC56 /* Build configuration list for PBXProject "CountTimeGame" */ = {
			isa = XCConfigurationList;
			buildConfigurations = (
				62F417CE1CCFD01C0061EC56 /* Debug */,
				62F417CF1CCFD01C0061EC56 /* Release */,
			);
			defaultConfigurationIsVisible = 0;
			defaultConfigurationName = Release;
		};
		62F417D01CCFD01C0061EC56 /* Build configuration list for PBXNativeTarget "CountTimeGame" */ = {
			isa = XCConfigurationList;
			buildConfigurations = (
				62F417D11CCFD01C0061EC56 /* Debug */,
				62F417D21CCFD01C0061EC56 /* Release */,
			);
			defaultConfigurationIsVisible = 0;
		};
/* End XCConfigurationList section */
	};
	rootObject = 62F417B61CCFD01C0061EC56 /* Project object */;
}
