// !$*UTF8*$!
{
	archiveVersion = 1;
	classes = {
	};
	objectVersion = 46;
	objects = {

/* Begin PBXBuildFile section */
		622CAE761CF6158600ABB97D /* AppDelegate.swift in Sources */ = {isa = PBXBuildFile; fileRef = 622CAE751CF6158600ABB97D /* AppDelegate.swift */; };
		622CAE781CF6158600ABB97D /* ViewController.swift in Sources */ = {isa = PBXBuildFile; fileRef = 622CAE771CF6158600ABB97D /* ViewController.swift */; };
		622CAE7B1CF6158600ABB97D /* Main.storyboard in Resources */ = {isa = PBXBuildFile; fileRef = 622CAE791CF6158600ABB97D /* Main.storyboard */; };
		622CAE7D1CF6158600ABB97D /* Assets.xcassets in Resources */ = {isa = PBXBuildFile; fileRef = 622CAE7C1CF6158600ABB97D /* Assets.xcassets */; };
		622CAE801CF6158600ABB97D /* LaunchScreen.storyboard in Resources */ = {isa = PBXBuildFile; fileRef = 622CAE7E1CF6158600ABB97D /* LaunchScreen.storyboard */; };
		622CAE881CF6174800ABB97D /* MyCustomCellClass.swift in Sources */ = {isa = PBXBuildFile; fileRef = 622CAE871CF6174800ABB97D /* MyCustomCellClass.swift */; };
		CE4421DB1CF75390002A17FF /* cafePost.swift in Sources */ = {isa = PBXBuildFile; fileRef = CE4421DA1CF75390002A17FF /* cafePost.swift */; };
/* End PBXBuildFile section */

/* Begin PBXFileReference section */
		622CAE721CF6158600ABB97D /* TableViewCustoooooom.app */ = {isa = PBXFileReference; explicitFileType = wrapper.application; includeInIndex = 0; path = TableViewCustoooooom.app; sourceTree = BUILT_PRODUCTS_DIR; };
		622CAE751CF6158600ABB97D /* AppDelegate.swift */ = {isa = PBXFileReference; lastKnownFileType = sourcecode.swift; path = AppDelegate.swift; sourceTree = "<group>"; };
		622CAE771CF6158600ABB97D /* ViewController.swift */ = {isa = PBXFileReference; lastKnownFileType = sourcecode.swift; path = ViewController.swift; sourceTree = "<group>"; };
		622CAE7A1CF6158600ABB97D /* Base */ = {isa = PBXFileReference; lastKnownFileType = file.storyboard; name = Base; path = Base.lproj/Main.storyboard; sourceTree = "<group>"; };
		622CAE7C1CF6158600ABB97D /* Assets.xcassets */ = {isa = PBXFileReference; lastKnownFileType = folder.assetcatalog; path = Assets.xcassets; sourceTree = "<group>"; };
		622CAE7F1CF6158600ABB97D /* Base */ = {isa = PBXFileReference; lastKnownFileType = file.storyboard; name = Base; path = Base.lproj/LaunchScreen.storyboard; sourceTree = "<group>"; };
		622CAE811CF6158600ABB97D /* Info.plist */ = {isa = PBXFileReference; lastKnownFileType = text.plist.xml; path = Info.plist; sourceTree = "<group>"; };
		622CAE871CF6174800ABB97D /* MyCustomCellClass.swift */ = {isa = PBXFileReference; fileEncoding = 4; lastKnownFileType = sourcecode.swift; path = MyCustomCellClass.swift; sourceTree = "<group>"; };
		CE4421DA1CF75390002A17FF /* cafePost.swift */ = {isa = PBXFileReference; fileEncoding = 4; lastKnownFileType = sourcecode.swift; path = cafePost.swift; sourceTree = "<group>"; };
/* End PBXFileReference section */

/* Begin PBXFrameworksBuildPhase section */
		622CAE6F1CF6158600ABB97D /* Frameworks */ = {
			isa = PBXFrameworksBuildPhase;
			buildActionMask = 2147483647;
			files = (
			);
			runOnlyForDeploymentPostprocessing = 0;
		};
/* End PBXFrameworksBuildPhase section */

/* Begin PBXGroup section */
		622CAE691CF6158600ABB97D = {
			isa = PBXGroup;
			children = (
				622CAE741CF6158600ABB97D /* TableViewCustoooooom */,
				622CAE731CF6158600ABB97D /* Products */,
				622CAE871CF6174800ABB97D /* MyCustomCellClass.swift */,
			);
			sourceTree = "<group>";
		};
		622CAE731CF6158600ABB97D /* Products */ = {
			isa = PBXGroup;
			children = (
				622CAE721CF6158600ABB97D /* TableViewCustoooooom.app */,
			);
			name = Products;
			sourceTree = "<group>";
		};
		622CAE741CF6158600ABB97D /* TableViewCustoooooom */ = {
			isa = PBXGroup;
			children = (
				622CAE751CF6158600ABB97D /* AppDelegate.swift */,
				622CAE771CF6158600ABB97D /* ViewController.swift */,
				622CAE791CF6158600ABB97D /* Main.storyboard */,
				CE4421DA1CF75390002A17FF /* cafePost.swift */,
				622CAE7C1CF6158600ABB97D /* Assets.xcassets */,
				622CAE7E1CF6158600ABB97D /* LaunchScreen.storyboard */,
				622CAE811CF6158600ABB97D /* Info.plist */,
			);
			path = TableViewCustoooooom;
			sourceTree = "<group>";
		};
/* End PBXGroup section */

/* Begin PBXNativeTarget section */
		622CAE711CF6158600ABB97D /* TableViewCustoooooom */ = {
			isa = PBXNativeTarget;
			buildConfigurationList = 622CAE841CF6158600ABB97D /* Build configuration list for PBXNativeTarget "TableViewCustoooooom" */;
			buildPhases = (
				622CAE6E1CF6158600ABB97D /* Sources */,
				622CAE6F1CF6158600ABB97D /* Frameworks */,
				622CAE701CF6158600ABB97D /* Resources */,
			);
			buildRules = (
			);
			dependencies = (
			);
			name = TableViewCustoooooom;
			productName = TableViewCustoooooom;
			productReference = 622CAE721CF6158600ABB97D /* TableViewCustoooooom.app */;
			productType = "com.apple.product-type.application";
		};
/* End PBXNativeTarget section */

/* Begin PBXProject section */
		622CAE6A1CF6158600ABB97D /* Project object */ = {
			isa = PBXProject;
			attributes = {
				LastSwiftUpdateCheck = 0730;
				LastUpgradeCheck = 0730;
				ORGANIZATIONNAME = MajdEddin;
				TargetAttributes = {
					622CAE711CF6158600ABB97D = {
						CreatedOnToolsVersion = 7.3.1;
						DevelopmentTeam = S8234T298W;
					};
				};
			};
			buildConfigurationList = 622CAE6D1CF6158600ABB97D /* Build configuration list for PBXProject "TableViewCustoooooom" */;
			compatibilityVersion = "Xcode 3.2";
			developmentRegion = English;
			hasScannedForEncodings = 0;
			knownRegions = (
				en,
				Base,
			);
			mainGroup = 622CAE691CF6158600ABB97D;
			productRefGroup = 622CAE731CF6158600ABB97D /* Products */;
			projectDirPath = "";
			projectRoot = "";
			targets = (
				622CAE711CF6158600ABB97D /* TableViewCustoooooom */,
			);
		};
/* End PBXProject section */

/* Begin PBXResourcesBuildPhase section */
		622CAE701CF6158600ABB97D /* Resources */ = {
			isa = PBXResourcesBuildPhase;
			buildActionMask = 2147483647;
			files = (
				622CAE801CF6158600ABB97D /* LaunchScreen.storyboard in Resources */,
				622CAE7D1CF6158600ABB97D /* Assets.xcassets in Resources */,
				622CAE7B1CF6158600ABB97D /* Main.storyboard in Resources */,
			);
			runOnlyForDeploymentPostprocessing = 0;
		};
/* End PBXResourcesBuildPhase section */

/* Begin PBXSourcesBuildPhase section */
		622CAE6E1CF6158600ABB97D /* Sources */ = {
			isa = PBXSourcesBuildPhase;
			buildActionMask = 2147483647;
			files = (
				622CAE781CF6158600ABB97D /* ViewController.swift in Sources */,
				622CAE881CF6174800ABB97D /* MyCustomCellClass.swift in Sources */,
				CE4421DB1CF75390002A17FF /* cafePost.swift in Sources */,
				622CAE761CF6158600ABB97D /* AppDelegate.swift in Sources */,
			);
			runOnlyForDeploymentPostprocessing = 0;
		};
/* End PBXSourcesBuildPhase section */

/* Begin PBXVariantGroup section */
		622CAE791CF6158600ABB97D /* Main.storyboard */ = {
			isa = PBXVariantGroup;
			children = (
				622CAE7A1CF6158600ABB97D /* Base */,
			);
			name = Main.storyboard;
			sourceTree = "<group>";
		};
		622CAE7E1CF6158600ABB97D /* LaunchScreen.storyboard */ = {
			isa = PBXVariantGroup;
			children = (
				622CAE7F1CF6158600ABB97D /* Base */,
			);
			name = LaunchScreen.storyboard;
			sourceTree = "<group>";
		};
/* End PBXVariantGroup section */

/* Begin XCBuildConfiguration section */
		622CAE821CF6158600ABB97D /* Debug */ = {
			isa = XCBuildConfiguration;
			buildSettings = {
				ALWAYS_SEARCH_USER_PATHS = NO;
				CLANG_ANALYZER_NONNULL = YES;
				CLANG_CXX_LANGUAGE_STANDARD = "gnu++0x";
				CLANG_CXX_LIBRARY = "libc++";
				CLANG_ENABLE_MODULES = YES;
				CLANG_ENABLE_OBJC_ARC = YES;
				CLANG_WARN_BOOL_CONVERSION = YES;
				CLANG_WARN_CONSTANT_CONVERSION = YES;
				CLANG_WARN_DIRECT_OBJC_ISA_USAGE = YES_ERROR;
				CLANG_WARN_EMPTY_BODY = YES;
				CLANG_WARN_ENUM_CONVERSION = YES;
				CLANG_WARN_INT_CONVERSION = YES;
				CLANG_WARN_OBJC_ROOT_CLASS = YES_ERROR;
				CLANG_WARN_UNREACHABLE_CODE = YES;
				CLANG_WARN__DUPLICATE_METHOD_MATCH = YES;
				"CODE_SIGN_IDENTITY[sdk=iphoneos*]" = "iPhone Developer";
				COPY_PHASE_STRIP = NO;
				DEBUG_INFORMATION_FORMAT = dwarf;
				ENABLE_STRICT_OBJC_MSGSEND = YES;
				ENABLE_TESTABILITY = YES;
				GCC_C_LANGUAGE_STANDARD = gnu99;
				GCC_DYNAMIC_NO_PIC = NO;
				GCC_NO_COMMON_BLOCKS = YES;
				GCC_OPTIMIZATION_LEVEL = 0;
				GCC_PREPROCESSOR_DEFINITIONS = (
					"DEBUG=1",
					"$(inherited)",
				);
				GCC_WARN_64_TO_32_BIT_CONVERSION = YES;
				GCC_WARN_ABOUT_RETURN_TYPE = YES_ERROR;
				GCC_WARN_UNDECLARED_SELECTOR = YES;
				GCC_WARN_UNINITIALIZED_AUTOS = YES_AGGRESSIVE;
				GCC_WARN_UNUSED_FUNCTION = YES;
				GCC_WARN_UNUSED_VARIABLE = YES;
				IPHONEOS_DEPLOYMENT_TARGET = 9.3;
				MTL_ENABLE_DEBUG_INFO = YES;
				ONLY_ACTIVE_ARCH = YES;
				SDKROOT = iphoneos;
				SWIFT_OPTIMIZATION_LEVEL = "-Onone";
			};
			name = Debug;
		};
		622CAE831CF6158600ABB97D /* Release */ = {
			isa = XCBuildConfiguration;
			buildSettings = {
				ALWAYS_SEARCH_USER_PATHS = NO;
				CLANG_ANALYZER_NONNULL = YES;
				CLANG_CXX_LANGUAGE_STANDARD = "gnu++0x";
				CLANG_CXX_LIBRARY = "libc++";
				CLANG_ENABLE_MODULES = YES;
				CLANG_ENABLE_OBJC_ARC = YES;
				CLANG_WARN_BOOL_CONVERSION = YES;
				CLANG_WARN_CONSTANT_CONVERSION = YES;
				CLANG_WARN_DIRECT_OBJC_ISA_USAGE = YES_ERROR;
				CLANG_WARN_EMPTY_BODY = YES;
				CLANG_WARN_ENUM_CONVERSION = YES;
				CLANG_WARN_INT_CONVERSION = YES;
				CLANG_WARN_OBJC_ROOT_CLASS = YES_ERROR;
				CLANG_WARN_UNREACHABLE_CODE = YES;
				CLANG_WARN__DUPLICATE_METHOD_MATCH = YES;
				"CODE_SIGN_IDENTITY[sdk=iphoneos*]" = "iPhone Developer";
				COPY_PHASE_STRIP = NO;
				DEBUG_INFORMATION_FORMAT = "dwarf-with-dsym";
				ENABLE_NS_ASSERTIONS = NO;
				ENABLE_STRICT_OBJC_MSGSEND = YES;
				GCC_C_LANGUAGE_STANDARD = gnu99;
				GCC_NO_COMMON_BLOCKS = YES;
				GCC_WARN_64_TO_32_BIT_CONVERSION = YES;
				GCC_WARN_ABOUT_RETURN_TYPE = YES_ERROR;
				GCC_WARN_UNDECLARED_SELECTOR = YES;
				GCC_WARN_UNINITIALIZED_AUTOS = YES_AGGRESSIVE;
				GCC_WARN_UNUSED_FUNCTION = YES;
				GCC_WARN_UNUSED_VARIABLE = YES;
				IPHONEOS_DEPLOYMENT_TARGET = 9.3;
				MTL_ENABLE_DEBUG_INFO = NO;
				SDKROOT = iphoneos;
				VALIDATE_PRODUCT = YES;
			};
			name = Release;
		};
		622CAE851CF6158600ABB97D /* Debug */ = {
			isa = XCBuildConfiguration;
			buildSettings = {
				ASSETCATALOG_COMPILER_APPICON_NAME = AppIcon;
				INFOPLIST_FILE = TableViewCustoooooom/Info.plist;
				LD_RUNPATH_SEARCH_PATHS = "$(inherited) @executable_path/Frameworks";
				PRODUCT_BUNDLE_IDENTIFIER = majdeddin.TableViewCustoooooom;
				PRODUCT_NAME = "$(TARGET_NAME)";
			};
			name = Debug;
		};
		622CAE861CF6158600ABB97D /* Release */ = {
			isa = XCBuildConfiguration;
			buildSettings = {
				ASSETCATALOG_COMPILER_APPICON_NAME = AppIcon;
				INFOPLIST_FILE = TableViewCustoooooom/Info.plist;
				LD_RUNPATH_SEARCH_PATHS = "$(inherited) @executable_path/Frameworks";
				PRODUCT_BUNDLE_IDENTIFIER = majdeddin.TableViewCustoooooom;
				PRODUCT_NAME = "$(TARGET_NAME)";
			};
			name = Release;
		};
/* End XCBuildConfiguration section */

/* Begin XCConfigurationList section */
		622CAE6D1CF6158600ABB97D /* Build configuration list for PBXProject "TableViewCustoooooom" */ = {
			isa = XCConfigurationList;
			buildConfigurations = (
				622CAE821CF6158600ABB97D /* Debug */,
				622CAE831CF6158600ABB97D /* Release */,
			);
			defaultConfigurationIsVisible = 0;
			defaultConfigurationName = Release;
		};
		622CAE841CF6158600ABB97D /* Build configuration list for PBXNativeTarget "TableViewCustoooooom" */ = {
			isa = XCConfigurationList;
			buildConfigurations = (
				622CAE851CF6158600ABB97D /* Debug */,
				622CAE861CF6158600ABB97D /* Release */,
			);
			defaultConfigurationIsVisible = 0;
			defaultConfigurationName = Release;
		};
/* End XCConfigurationList section */
	};
	rootObject = 622CAE6A1CF6158600ABB97D /* Project object */;
}
