// !$*UTF8*$!
{
	archiveVersion = 1;
	classes = {
	};
	objectVersion = 46;
	objects = {

/* Begin PBXBuildFile section */
		6213E9F81CC3B439002E107C /* AppDelegate.swift in Sources */ = {isa = PBXBuildFile; fileRef = 6213E9F71CC3B439002E107C /* AppDelegate.swift */; };
		6213E9FA1CC3B439002E107C /* ViewController.swift in Sources */ = {isa = PBXBuildFile; fileRef = 6213E9F91CC3B439002E107C /* ViewController.swift */; };
		6213E9FD1CC3B439002E107C /* Main.storyboard in Resources */ = {isa = PBXBuildFile; fileRef = 6213E9FB1CC3B439002E107C /* Main.storyboard */; };
		6213E9FF1CC3B439002E107C /* Assets.xcassets in Resources */ = {isa = PBXBuildFile; fileRef = 6213E9FE1CC3B439002E107C /* Assets.xcassets */; };
		6213EA021CC3B439002E107C /* LaunchScreen.storyboard in Resources */ = {isa = PBXBuildFile; fileRef = 6213EA001CC3B439002E107C /* LaunchScreen.storyboard */; };
		6213EA0A1CC3B9E8002E107C /* CourseInfoViewController.swift in Sources */ = {isa = PBXBuildFile; fileRef = 6213EA091CC3B9E8002E107C /* CourseInfoViewController.swift */; };
		6213EA0C1CC3BA62002E107C /* Course.swift in Sources */ = {isa = PBXBuildFile; fileRef = 6213EA0B1CC3BA62002E107C /* Course.swift */; };
		6213EA0E1CC3CAB8002E107C /* logo.png in Resources */ = {isa = PBXBuildFile; fileRef = 6213EA0D1CC3CAB8002E107C /* logo.png */; };
/* End PBXBuildFile section */

/* Begin PBXFileReference section */
		6213E9F41CC3B439002E107C /* Tamayyz Courses.app */ = {isa = PBXFileReference; explicitFileType = wrapper.application; includeInIndex = 0; path = "Tamayyz Courses.app"; sourceTree = BUILT_PRODUCTS_DIR; };
		6213E9F71CC3B439002E107C /* AppDelegate.swift */ = {isa = PBXFileReference; lastKnownFileType = sourcecode.swift; path = AppDelegate.swift; sourceTree = "<group>"; };
		6213E9F91CC3B439002E107C /* ViewController.swift */ = {isa = PBXFileReference; lastKnownFileType = sourcecode.swift; path = ViewController.swift; sourceTree = "<group>"; };
		6213E9FC1CC3B439002E107C /* Base */ = {isa = PBXFileReference; lastKnownFileType = file.storyboard; name = Base; path = Base.lproj/Main.storyboard; sourceTree = "<group>"; };
		6213E9FE1CC3B439002E107C /* Assets.xcassets */ = {isa = PBXFileReference; lastKnownFileType = folder.assetcatalog; path = Assets.xcassets; sourceTree = "<group>"; };
		6213EA011CC3B439002E107C /* Base */ = {isa = PBXFileReference; lastKnownFileType = file.storyboard; name = Base; path = Base.lproj/LaunchScreen.storyboard; sourceTree = "<group>"; };
		6213EA031CC3B439002E107C /* Info.plist */ = {isa = PBXFileReference; lastKnownFileType = text.plist.xml; path = Info.plist; sourceTree = "<group>"; };
		6213EA091CC3B9E8002E107C /* CourseInfoViewController.swift */ = {isa = PBXFileReference; fileEncoding = 4; lastKnownFileType = sourcecode.swift; path = CourseInfoViewController.swift; sourceTree = "<group>"; };
		6213EA0B1CC3BA62002E107C /* Course.swift */ = {isa = PBXFileReference; fileEncoding = 4; lastKnownFileType = sourcecode.swift; path = Course.swift; sourceTree = "<group>"; };
		6213EA0D1CC3CAB8002E107C /* logo.png */ = {isa = PBXFileReference; lastKnownFileType = image.png; path = logo.png; sourceTree = "<group>"; };
/* End PBXFileReference section */

/* Begin PBXFrameworksBuildPhase section */
		6213E9F11CC3B439002E107C /* Frameworks */ = {
			isa = PBXFrameworksBuildPhase;
			buildActionMask = 2147483647;
			files = (
			);
			runOnlyForDeploymentPostprocessing = 0;
		};
/* End PBXFrameworksBuildPhase section */

/* Begin PBXGroup section */
		6213E9EB1CC3B439002E107C = {
			isa = PBXGroup;
			children = (
				6213E9F61CC3B439002E107C /* NavBarInfoExample */,
				6213E9F51CC3B439002E107C /* Products */,
			);
			sourceTree = "<group>";
		};
		6213E9F51CC3B439002E107C /* Products */ = {
			isa = PBXGroup;
			children = (
				6213E9F41CC3B439002E107C /* Tamayyz Courses.app */,
			);
			name = Products;
			sourceTree = "<group>";
		};
		6213E9F61CC3B439002E107C /* NavBarInfoExample */ = {
			isa = PBXGroup;
			children = (
				6213E9F71CC3B439002E107C /* AppDelegate.swift */,
				6213E9F91CC3B439002E107C /* ViewController.swift */,
				6213EA091CC3B9E8002E107C /* CourseInfoViewController.swift */,
				6213EA0B1CC3BA62002E107C /* Course.swift */,
				6213E9FB1CC3B439002E107C /* Main.storyboard */,
				6213E9FE1CC3B439002E107C /* Assets.xcassets */,
				6213EA0D1CC3CAB8002E107C /* logo.png */,
				6213EA001CC3B439002E107C /* LaunchScreen.storyboard */,
				6213EA031CC3B439002E107C /* Info.plist */,
			);
			path = NavBarInfoExample;
			sourceTree = "<group>";
		};
/* End PBXGroup section */

/* Begin PBXNativeTarget section */
		6213E9F31CC3B439002E107C /* Tamayyz Courses */ = {
			isa = PBXNativeTarget;
			buildConfigurationList = 6213EA061CC3B439002E107C /* Build configuration list for PBXNativeTarget "Tamayyz Courses" */;
			buildPhases = (
				6213E9F01CC3B439002E107C /* Sources */,
				6213E9F11CC3B439002E107C /* Frameworks */,
				6213E9F21CC3B439002E107C /* Resources */,
			);
			buildRules = (
			);
			dependencies = (
			);
			name = "Tamayyz Courses";
			productName = NavBarInfoExample;
			productReference = 6213E9F41CC3B439002E107C /* Tamayyz Courses.app */;
			productType = "com.apple.product-type.application";
		};
/* End PBXNativeTarget section */

/* Begin PBXProject section */
		6213E9EC1CC3B439002E107C /* Project object */ = {
			isa = PBXProject;
			attributes = {
				LastSwiftUpdateCheck = 0730;
				LastUpgradeCheck = 0730;
				ORGANIZATIONNAME = MajdEddin;
				TargetAttributes = {
					6213E9F31CC3B439002E107C = {
						CreatedOnToolsVersion = 7.3;
						DevelopmentTeam = S8234T298W;
					};
				};
			};
			buildConfigurationList = 6213E9EF1CC3B439002E107C /* Build configuration list for PBXProject "Tamayyz Courses" */;
			compatibilityVersion = "Xcode 3.2";
			developmentRegion = English;
			hasScannedForEncodings = 0;
			knownRegions = (
				en,
				Base,
			);
			mainGroup = 6213E9EB1CC3B439002E107C;
			productRefGroup = 6213E9F51CC3B439002E107C /* Products */;
			projectDirPath = "";
			projectRoot = "";
			targets = (
				6213E9F31CC3B439002E107C /* Tamayyz Courses */,
			);
		};
/* End PBXProject section */

/* Begin PBXResourcesBuildPhase section */
		6213E9F21CC3B439002E107C /* Resources */ = {
			isa = PBXResourcesBuildPhase;
			buildActionMask = 2147483647;
			files = (
				6213EA0E1CC3CAB8002E107C /* logo.png in Resources */,
				6213EA021CC3B439002E107C /* LaunchScreen.storyboard in Resources */,
				6213E9FF1CC3B439002E107C /* Assets.xcassets in Resources */,
				6213E9FD1CC3B439002E107C /* Main.storyboard in Resources */,
			);
			runOnlyForDeploymentPostprocessing = 0;
		};
/* End PBXResourcesBuildPhase section */

/* Begin PBXSourcesBuildPhase section */
		6213E9F01CC3B439002E107C /* Sources */ = {
			isa = PBXSourcesBuildPhase;
			buildActionMask = 2147483647;
			files = (
				6213E9FA1CC3B439002E107C /* ViewController.swift in Sources */,
				6213E9F81CC3B439002E107C /* AppDelegate.swift in Sources */,
				6213EA0A1CC3B9E8002E107C /* CourseInfoViewController.swift in Sources */,
				6213EA0C1CC3BA62002E107C /* Course.swift in Sources */,
			);
			runOnlyForDeploymentPostprocessing = 0;
		};
/* End PBXSourcesBuildPhase section */

/* Begin PBXVariantGroup section */
		6213E9FB1CC3B439002E107C /* Main.storyboard */ = {
			isa = PBXVariantGroup;
			children = (
				6213E9FC1CC3B439002E107C /* Base */,
			);
			name = Main.storyboard;
			sourceTree = "<group>";
		};
		6213EA001CC3B439002E107C /* LaunchScreen.storyboard */ = {
			isa = PBXVariantGroup;
			children = (
				6213EA011CC3B439002E107C /* Base */,
			);
			name = LaunchScreen.storyboard;
			sourceTree = "<group>";
		};
/* End PBXVariantGroup section */

/* Begin XCBuildConfiguration section */
		6213EA041CC3B439002E107C /* Debug */ = {
			isa = XCBuildConfiguration;
			buildSettings = {
				ALWAYS_SEARCH_USER_PATHS = NO;
				CLANG_ANALYZER_NONNULL = YES;
				CLANG_CXX_LANGUAGE_STANDARD = "gnu++0x";
				CLANG_CXX_LIBRARY = "libc++";
				CLANG_ENABLE_MODULES = YES;
				CLANG_ENABLE_OBJC_ARC = YES;
				CLANG_WARN_BOOL_CONVERSION = YES;
				CLANG_WARN_CONSTANT_CONVERSION = YES;
				CLANG_WARN_DIRECT_OBJC_ISA_USAGE = YES_ERROR;
				CLANG_WARN_EMPTY_BODY = YES;
				CLANG_WARN_ENUM_CONVERSION = YES;
				CLANG_WARN_INT_CONVERSION = YES;
				CLANG_WARN_OBJC_ROOT_CLASS = YES_ERROR;
				CLANG_WARN_UNREACHABLE_CODE = YES;
				CLANG_WARN__DUPLICATE_METHOD_MATCH = YES;
				"CODE_SIGN_IDENTITY[sdk=iphoneos*]" = "iPhone Developer";
				COPY_PHASE_STRIP = NO;
				DEBUG_INFORMATION_FORMAT = dwarf;
				ENABLE_STRICT_OBJC_MSGSEND = YES;
				ENABLE_TESTABILITY = YES;
				GCC_C_LANGUAGE_STANDARD = gnu99;
				GCC_DYNAMIC_NO_PIC = NO;
				GCC_NO_COMMON_BLOCKS = YES;
				GCC_OPTIMIZATION_LEVEL = 0;
				GCC_PREPROCESSOR_DEFINITIONS = (
					"DEBUG=1",
					"$(inherited)",
				);
				GCC_WARN_64_TO_32_BIT_CONVERSION = YES;
				GCC_WARN_ABOUT_RETURN_TYPE = YES_ERROR;
				GCC_WARN_UNDECLARED_SELECTOR = YES;
				GCC_WARN_UNINITIALIZED_AUTOS = YES_AGGRESSIVE;
				GCC_WARN_UNUSED_FUNCTION = YES;
				GCC_WARN_UNUSED_VARIABLE = YES;
				IPHONEOS_DEPLOYMENT_TARGET = 9.3;
				MTL_ENABLE_DEBUG_INFO = YES;
				ONLY_ACTIVE_ARCH = YES;
				SDKROOT = iphoneos;
				SWIFT_OPTIMIZATION_LEVEL = "-Onone";
			};
			name = Debug;
		};
		6213EA051CC3B439002E107C /* Release */ = {
			isa = XCBuildConfiguration;
			buildSettings = {
				ALWAYS_SEARCH_USER_PATHS = NO;
				CLANG_ANALYZER_NONNULL = YES;
				CLANG_CXX_LANGUAGE_STANDARD = "gnu++0x";
				CLANG_CXX_LIBRARY = "libc++";
				CLANG_ENABLE_MODULES = YES;
				CLANG_ENABLE_OBJC_ARC = YES;
				CLANG_WARN_BOOL_CONVERSION = YES;
				CLANG_WARN_CONSTANT_CONVERSION = YES;
				CLANG_WARN_DIRECT_OBJC_ISA_USAGE = YES_ERROR;
				CLANG_WARN_EMPTY_BODY = YES;
				CLANG_WARN_ENUM_CONVERSION = YES;
				CLANG_WARN_INT_CONVERSION = YES;
				CLANG_WARN_OBJC_ROOT_CLASS = YES_ERROR;
				CLANG_WARN_UNREACHABLE_CODE = YES;
				CLANG_WARN__DUPLICATE_METHOD_MATCH = YES;
				"CODE_SIGN_IDENTITY[sdk=iphoneos*]" = "iPhone Developer";
				COPY_PHASE_STRIP = NO;
				DEBUG_INFORMATION_FORMAT = "dwarf-with-dsym";
				ENABLE_NS_ASSERTIONS = NO;
				ENABLE_STRICT_OBJC_MSGSEND = YES;
				GCC_C_LANGUAGE_STANDARD = gnu99;
				GCC_NO_COMMON_BLOCKS = YES;
				GCC_WARN_64_TO_32_BIT_CONVERSION = YES;
				GCC_WARN_ABOUT_RETURN_TYPE = YES_ERROR;
				GCC_WARN_UNDECLARED_SELECTOR = YES;
				GCC_WARN_UNINITIALIZED_AUTOS = YES_AGGRESSIVE;
				GCC_WARN_UNUSED_FUNCTION = YES;
				GCC_WARN_UNUSED_VARIABLE = YES;
				IPHONEOS_DEPLOYMENT_TARGET = 9.3;
				MTL_ENABLE_DEBUG_INFO = NO;
				SDKROOT = iphoneos;
				VALIDATE_PRODUCT = YES;
			};
			name = Release;
		};
		6213EA071CC3B439002E107C /* Debug */ = {
			isa = XCBuildConfiguration;
			buildSettings = {
				ASSETCATALOG_COMPILER_APPICON_NAME = AppIcon;
				INFOPLIST_FILE = NavBarInfoExample/Info.plist;
				LD_RUNPATH_SEARCH_PATHS = "$(inherited) @executable_path/Frameworks";
				PRODUCT_BUNDLE_IDENTIFIER = majdeddin.NavBarInfoExample;
				PRODUCT_NAME = "Tamayyz Courses";
			};
			name = Debug;
		};
		6213EA081CC3B439002E107C /* Release */ = {
			isa = XCBuildConfiguration;
			buildSettings = {
				ASSETCATALOG_COMPILER_APPICON_NAME = AppIcon;
				INFOPLIST_FILE = NavBarInfoExample/Info.plist;
				LD_RUNPATH_SEARCH_PATHS = "$(inherited) @executable_path/Frameworks";
				PRODUCT_BUNDLE_IDENTIFIER = majdeddin.NavBarInfoExample;
				PRODUCT_NAME = "Tamayyz Courses";
			};
			name = Release;
		};
/* End XCBuildConfiguration section */

/* Begin XCConfigurationList section */
		6213E9EF1CC3B439002E107C /* Build configuration list for PBXProject "Tamayyz Courses" */ = {
			isa = XCConfigurationList;
			buildConfigurations = (
				6213EA041CC3B439002E107C /* Debug */,
				6213EA051CC3B439002E107C /* Release */,
			);
			defaultConfigurationIsVisible = 0;
			defaultConfigurationName = Release;
		};
		6213EA061CC3B439002E107C /* Build configuration list for PBXNativeTarget "Tamayyz Courses" */ = {
			isa = XCConfigurationList;
			buildConfigurations = (
				6213EA071CC3B439002E107C /* Debug */,
				6213EA081CC3B439002E107C /* Release */,
			);
			defaultConfigurationIsVisible = 0;
			defaultConfigurationName = Release;
		};
/* End XCConfigurationList section */
	};
	rootObject = 6213E9EC1CC3B439002E107C /* Project object */;
}
