// !$*UTF8*$!
{
	archiveVersion = 1;
	classes = {
	};
	objectVersion = 46;
	objects = {

/* Begin PBXBuildFile section */
		62A4468D1CDF5D9E00528303 /* AppDelegate.swift in Sources */ = {isa = PBXBuildFile; fileRef = 62A4468C1CDF5D9E00528303 /* AppDelegate.swift */; };
		62A4468F1CDF5D9E00528303 /* ViewController.swift in Sources */ = {isa = PBXBuildFile; fileRef = 62A4468E1CDF5D9E00528303 /* ViewController.swift */; };
		62A446921CDF5D9E00528303 /* Main.storyboard in Resources */ = {isa = PBXBuildFile; fileRef = 62A446901CDF5D9E00528303 /* Main.storyboard */; };
		62A446941CDF5D9E00528303 /* Assets.xcassets in Resources */ = {isa = PBXBuildFile; fileRef = 62A446931CDF5D9E00528303 /* Assets.xcassets */; };
		62A446971CDF5D9E00528303 /* LaunchScreen.storyboard in Resources */ = {isa = PBXBuildFile; fileRef = 62A446951CDF5D9E00528303 /* LaunchScreen.storyboard */; };
		62A4469F1CDF62A000528303 /* DataViewController.swift in Sources */ = {isa = PBXBuildFile; fileRef = 62A4469E1CDF62A000528303 /* DataViewController.swift */; };
/* End PBXBuildFile section */

/* Begin PBXFileReference section */
		62A446891CDF5D9E00528303 /* SeguesDemo.app */ = {isa = PBXFileReference; explicitFileType = wrapper.application; includeInIndex = 0; path = SeguesDemo.app; sourceTree = BUILT_PRODUCTS_DIR; };
		62A4468C1CDF5D9E00528303 /* AppDelegate.swift */ = {isa = PBXFileReference; lastKnownFileType = sourcecode.swift; path = AppDelegate.swift; sourceTree = "<group>"; };
		62A4468E1CDF5D9E00528303 /* ViewController.swift */ = {isa = PBXFileReference; lastKnownFileType = sourcecode.swift; path = ViewController.swift; sourceTree = "<group>"; };
		62A446911CDF5D9E00528303 /* Base */ = {isa = PBXFileReference; lastKnownFileType = file.storyboard; name = Base; path = Base.lproj/Main.storyboard; sourceTree = "<group>"; };
		62A446931CDF5D9E00528303 /* Assets.xcassets */ = {isa = PBXFileReference; lastKnownFileType = folder.assetcatalog; path = Assets.xcassets; sourceTree = "<group>"; };
		62A446961CDF5D9E00528303 /* Base */ = {isa = PBXFileReference; lastKnownFileType = file.storyboard; name = Base; path = Base.lproj/LaunchScreen.storyboard; sourceTree = "<group>"; };
		62A446981CDF5D9E00528303 /* Info.plist */ = {isa = PBXFileReference; lastKnownFileType = text.plist.xml; path = Info.plist; sourceTree = "<group>"; };
		62A4469E1CDF62A000528303 /* DataViewController.swift */ = {isa = PBXFileReference; fileEncoding = 4; lastKnownFileType = sourcecode.swift; path = DataViewController.swift; sourceTree = "<group>"; };
/* End PBXFileReference section */

/* Begin PBXFrameworksBuildPhase section */
		62A446861CDF5D9E00528303 /* Frameworks */ = {
			isa = PBXFrameworksBuildPhase;
			buildActionMask = 2147483647;
			files = (
			);
			runOnlyForDeploymentPostprocessing = 0;
		};
/* End PBXFrameworksBuildPhase section */

/* Begin PBXGroup section */
		62A446801CDF5D9E00528303 = {
			isa = PBXGroup;
			children = (
				62A4468B1CDF5D9E00528303 /* SeguesDemo */,
				62A4468A1CDF5D9E00528303 /* Products */,
			);
			sourceTree = "<group>";
		};
		62A4468A1CDF5D9E00528303 /* Products */ = {
			isa = PBXGroup;
			children = (
				62A446891CDF5D9E00528303 /* SeguesDemo.app */,
			);
			name = Products;
			sourceTree = "<group>";
		};
		62A4468B1CDF5D9E00528303 /* SeguesDemo */ = {
			isa = PBXGroup;
			children = (
				62A4468C1CDF5D9E00528303 /* AppDelegate.swift */,
				62A4468E1CDF5D9E00528303 /* ViewController.swift */,
				62A4469E1CDF62A000528303 /* DataViewController.swift */,
				62A446901CDF5D9E00528303 /* Main.storyboard */,
				62A446931CDF5D9E00528303 /* Assets.xcassets */,
				62A446951CDF5D9E00528303 /* LaunchScreen.storyboard */,
				62A446981CDF5D9E00528303 /* Info.plist */,
			);
			path = SeguesDemo;
			sourceTree = "<group>";
		};
/* End PBXGroup section */

/* Begin PBXNativeTarget section */
		62A446881CDF5D9E00528303 /* SeguesDemo */ = {
			isa = PBXNativeTarget;
			buildConfigurationList = 62A4469B1CDF5D9E00528303 /* Build configuration list for PBXNativeTarget "SeguesDemo" */;
			buildPhases = (
				62A446851CDF5D9E00528303 /* Sources */,
				62A446861CDF5D9E00528303 /* Frameworks */,
				62A446871CDF5D9E00528303 /* Resources */,
			);
			buildRules = (
			);
			dependencies = (
			);
			name = SeguesDemo;
			productName = SeguesDemo;
			productReference = 62A446891CDF5D9E00528303 /* SeguesDemo.app */;
			productType = "com.apple.product-type.application";
		};
/* End PBXNativeTarget section */

/* Begin PBXProject section */
		62A446811CDF5D9E00528303 /* Project object */ = {
			isa = PBXProject;
			attributes = {
				LastSwiftUpdateCheck = 0730;
				LastUpgradeCheck = 0730;
				ORGANIZATIONNAME = MajdEddin;
				TargetAttributes = {
					62A446881CDF5D9E00528303 = {
						CreatedOnToolsVersion = 7.3.1;
						DevelopmentTeam = S8234T298W;
					};
				};
			};
			buildConfigurationList = 62A446841CDF5D9E00528303 /* Build configuration list for PBXProject "SeguesDemo" */;
			compatibilityVersion = "Xcode 3.2";
			developmentRegion = English;
			hasScannedForEncodings = 0;
			knownRegions = (
				en,
				Base,
			);
			mainGroup = 62A446801CDF5D9E00528303;
			productRefGroup = 62A4468A1CDF5D9E00528303 /* Products */;
			projectDirPath = "";
			projectRoot = "";
			targets = (
				62A446881CDF5D9E00528303 /* SeguesDemo */,
			);
		};
/* End PBXProject section */

/* Begin PBXResourcesBuildPhase section */
		62A446871CDF5D9E00528303 /* Resources */ = {
			isa = PBXResourcesBuildPhase;
			buildActionMask = 2147483647;
			files = (
				62A446971CDF5D9E00528303 /* LaunchScreen.storyboard in Resources */,
				62A446941CDF5D9E00528303 /* Assets.xcassets in Resources */,
				62A446921CDF5D9E00528303 /* Main.storyboard in Resources */,
			);
			runOnlyForDeploymentPostprocessing = 0;
		};
/* End PBXResourcesBuildPhase section */

/* Begin PBXSourcesBuildPhase section */
		62A446851CDF5D9E00528303 /* Sources */ = {
			isa = PBXSourcesBuildPhase;
			buildActionMask = 2147483647;
			files = (
				62A4468F1CDF5D9E00528303 /* ViewController.swift in Sources */,
				62A4469F1CDF62A000528303 /* DataViewController.swift in Sources */,
				62A4468D1CDF5D9E00528303 /* AppDelegate.swift in Sources */,
			);
			runOnlyForDeploymentPostprocessing = 0;
		};
/* End PBXSourcesBuildPhase section */

/* Begin PBXVariantGroup section */
		62A446901CDF5D9E00528303 /* Main.storyboard */ = {
			isa = PBXVariantGroup;
			children = (
				62A446911CDF5D9E00528303 /* Base */,
			);
			name = Main.storyboard;
			sourceTree = "<group>";
		};
		62A446951CDF5D9E00528303 /* LaunchScreen.storyboard */ = {
			isa = PBXVariantGroup;
			children = (
				62A446961CDF5D9E00528303 /* Base */,
			);
			name = LaunchScreen.storyboard;
			sourceTree = "<group>";
		};
/* End PBXVariantGroup section */

/* Begin XCBuildConfiguration section */
		62A446991CDF5D9E00528303 /* Debug */ = {
			isa = XCBuildConfiguration;
			buildSettings = {
				ALWAYS_SEARCH_USER_PATHS = NO;
				CLANG_ANALYZER_NONNULL = YES;
				CLANG_CXX_LANGUAGE_STANDARD = "gnu++0x";
				CLANG_CXX_LIBRARY = "libc++";
				CLANG_ENABLE_MODULES = YES;
				CLANG_ENABLE_OBJC_ARC = YES;
				CLANG_WARN_BOOL_CONVERSION = YES;
				CLANG_WARN_CONSTANT_CONVERSION = YES;
				CLANG_WARN_DIRECT_OBJC_ISA_USAGE = YES_ERROR;
				CLANG_WARN_EMPTY_BODY = YES;
				CLANG_WARN_ENUM_CONVERSION = YES;
				CLANG_WARN_INT_CONVERSION = YES;
				CLANG_WARN_OBJC_ROOT_CLASS = YES_ERROR;
				CLANG_WARN_UNREACHABLE_CODE = YES;
				CLANG_WARN__DUPLICATE_METHOD_MATCH = YES;
				"CODE_SIGN_IDENTITY[sdk=iphoneos*]" = "iPhone Developer";
				COPY_PHASE_STRIP = NO;
				DEBUG_INFORMATION_FORMAT = dwarf;
				ENABLE_STRICT_OBJC_MSGSEND = YES;
				ENABLE_TESTABILITY = YES;
				GCC_C_LANGUAGE_STANDARD = gnu99;
				GCC_DYNAMIC_NO_PIC = NO;
				GCC_NO_COMMON_BLOCKS = YES;
				GCC_OPTIMIZATION_LEVEL = 0;
				GCC_PREPROCESSOR_DEFINITIONS = (
					"DEBUG=1",
					"$(inherited)",
				);
				GCC_WARN_64_TO_32_BIT_CONVERSION = YES;
				GCC_WARN_ABOUT_RETURN_TYPE = YES_ERROR;
				GCC_WARN_UNDECLARED_SELECTOR = YES;
				GCC_WARN_UNINITIALIZED_AUTOS = YES_AGGRESSIVE;
				GCC_WARN_UNUSED_FUNCTION = YES;
				GCC_WARN_UNUSED_VARIABLE = YES;
				IPHONEOS_DEPLOYMENT_TARGET = 9.3;
				MTL_ENABLE_DEBUG_INFO = YES;
				ONLY_ACTIVE_ARCH = YES;
				SDKROOT = iphoneos;
				SWIFT_OPTIMIZATION_LEVEL = "-Onone";
				TARGETED_DEVICE_FAMILY = "1,2";
			};
			name = Debug;
		};
		62A4469A1CDF5D9E00528303 /* Release */ = {
			isa = XCBuildConfiguration;
			buildSettings = {
				ALWAYS_SEARCH_USER_PATHS = NO;
				CLANG_ANALYZER_NONNULL = YES;
				CLANG_CXX_LANGUAGE_STANDARD = "gnu++0x";
				CLANG_CXX_LIBRARY = "libc++";
				CLANG_ENABLE_MODULES = YES;
				CLANG_ENABLE_OBJC_ARC = YES;
				CLANG_WARN_BOOL_CONVERSION = YES;
				CLANG_WARN_CONSTANT_CONVERSION = YES;
				CLANG_WARN_DIRECT_OBJC_ISA_USAGE = YES_ERROR;
				CLANG_WARN_EMPTY_BODY = YES;
				CLANG_WARN_ENUM_CONVERSION = YES;
				CLANG_WARN_INT_CONVERSION = YES;
				CLANG_WARN_OBJC_ROOT_CLASS = YES_ERROR;
				CLANG_WARN_UNREACHABLE_CODE = YES;
				CLANG_WARN__DUPLICATE_METHOD_MATCH = YES;
				"CODE_SIGN_IDENTITY[sdk=iphoneos*]" = "iPhone Developer";
				COPY_PHASE_STRIP = NO;
				DEBUG_INFORMATION_FORMAT = "dwarf-with-dsym";
				ENABLE_NS_ASSERTIONS = NO;
				ENABLE_STRICT_OBJC_MSGSEND = YES;
				GCC_C_LANGUAGE_STANDARD = gnu99;
				GCC_NO_COMMON_BLOCKS = YES;
				GCC_WARN_64_TO_32_BIT_CONVERSION = YES;
				GCC_WARN_ABOUT_RETURN_TYPE = YES_ERROR;
				GCC_WARN_UNDECLARED_SELECTOR = YES;
				GCC_WARN_UNINITIALIZED_AUTOS = YES_AGGRESSIVE;
				GCC_WARN_UNUSED_FUNCTION = YES;
				GCC_WARN_UNUSED_VARIABLE = YES;
				IPHONEOS_DEPLOYMENT_TARGET = 9.3;
				MTL_ENABLE_DEBUG_INFO = NO;
				SDKROOT = iphoneos;
				TARGETED_DEVICE_FAMILY = "1,2";
				VALIDATE_PRODUCT = YES;
			};
			name = Release;
		};
		62A4469C1CDF5D9E00528303 /* Debug */ = {
			isa = XCBuildConfiguration;
			buildSettings = {
				ASSETCATALOG_COMPILER_APPICON_NAME = AppIcon;
				INFOPLIST_FILE = SeguesDemo/Info.plist;
				LD_RUNPATH_SEARCH_PATHS = "$(inherited) @executable_path/Frameworks";
				PRODUCT_BUNDLE_IDENTIFIER = majdeddin.SeguesDemo;
				PRODUCT_NAME = "$(TARGET_NAME)";
			};
			name = Debug;
		};
		62A4469D1CDF5D9E00528303 /* Release */ = {
			isa = XCBuildConfiguration;
			buildSettings = {
				ASSETCATALOG_COMPILER_APPICON_NAME = AppIcon;
				INFOPLIST_FILE = SeguesDemo/Info.plist;
				LD_RUNPATH_SEARCH_PATHS = "$(inherited) @executable_path/Frameworks";
				PRODUCT_BUNDLE_IDENTIFIER = majdeddin.SeguesDemo;
				PRODUCT_NAME = "$(TARGET_NAME)";
			};
			name = Release;
		};
/* End XCBuildConfiguration section */

/* Begin XCConfigurationList section */
		62A446841CDF5D9E00528303 /* Build configuration list for PBXProject "SeguesDemo" */ = {
			isa = XCConfigurationList;
			buildConfigurations = (
				62A446991CDF5D9E00528303 /* Debug */,
				62A4469A1CDF5D9E00528303 /* Release */,
			);
			defaultConfigurationIsVisible = 0;
			defaultConfigurationName = Release;
		};
		62A4469B1CDF5D9E00528303 /* Build configuration list for PBXNativeTarget "SeguesDemo" */ = {
			isa = XCConfigurationList;
			buildConfigurations = (
				62A4469C1CDF5D9E00528303 /* Debug */,
				62A4469D1CDF5D9E00528303 /* Release */,
			);
			defaultConfigurationIsVisible = 0;
		};
/* End XCConfigurationList section */
	};
	rootObject = 62A446811CDF5D9E00528303 /* Project object */;
}
